dependencies:
- name: redis
  repository: https://charts.bitnami.com/bitnami
  version: 12.2.4
- name: postgresql
  repository: https://charts.helm.sh/stable
  version: 8.6.4
- name: postgresql-backup
  repository: https://storage.googleapis.com/t3n-helm-charts
  version: 0.0.1
- name: elasticsearch
  repository: https://helm.elastic.co
  version: 7.10.1
- name: logstash
  repository: https://helm.elastic.co
  version: 7.10.1
- name: kibana
  repository: https://helm.elastic.co
  version: 7.10.1
- name: kube-prometheus-stack
  repository: https://prometheus-community.github.io/helm-charts
  version: 12.8.1
- name: sentry
  repository: https://sentry-kubernetes.github.io/charts
  version: 8.1.0
- name: jenkins
  repository: https://charts.jenkins.io
  version: 3.0.12
digest: sha256:4ceffb2f4fd963150cec0eafb11c7b8a5f5e93d6db8753bb67c04d0e93a127fa
generated: "2020-12-27T20:06:11.902817146+02:00"
