dependencies:
- name: redis
  repository: https://charts.bitnami.com/bitnami
  version: 12.2.4
- name: postgresql
  repository: https://charts.helm.sh/stable
  version: 8.6.4
- name: postgresql-backup
  repository: https://storage.googleapis.com/t3n-helm-charts
  version: 0.0.1
- name: elasticsearch
  repository: https://helm.elastic.co
  version: 7.10.1
- name: logstash
  repository: https://helm.elastic.co
  version: 7.10.1
- name: kibana
  repository: https://helm.elastic.co
  version: 7.10.1
- name: kube-prometheus-stack
  repository: https://prometheus-community.github.io/helm-charts
  version: 12.8.1
- name: sentry
  repository: https://sentry-kubernetes.github.io/charts
  version: 8.1.0
digest: sha256:5fd2008f0537abb73aca984c7f394ec32b97f12bb80babbaa51dd5fb8685fabe
generated: "2020-12-25T17:52:33.071083244+02:00"
